github.com/davecgh/go-spew v1.1.2-0.20180830191138-d8f796af33cc h1:U9qPSI2PIWSS1VwoXQT9A3Wy9MM3WgvqSxFWenqJduM=
github.com/ecumeurs/upsilonmapdata v0.0.0-20260424093326-e44bc6d1e1ea h1:fJ90aoZFswGbDTsXAcMguLWNRQndg1jpb3PHJZci3ZI=
github.com/ecumeurs/upsilonmapdata v0.0.0-20260424093326-e44bc6d1e1ea/go.mod h1:DW+4YJ1bTvzn4pRLZ0aCQWIQDjuKfWRTaVuLd+2AdUc=
github.com/ecumeurs/upsilontools v0.0.0-20260424093356-7c9d562f2c93 h1:DRsKSDP7gt/XMtdO+RY56YkzqVEqIWRgR6dWT04JRw0=
github.com/ecumeurs/upsilontools v0.0.0-20260424093356-7c9d562f2c93/go.mod h1:SqbY+b/U09uHs+S9uyMg9bG3/RBWchT78rySGskC1PA=
github.com/google/uuid v1.6.0 h1:NIvaJDMOsjHA8n1jAhLSgzrAzy1Hgr+hNrb57e+94F0=
github.com/google/uuid v1.6.0/go.mod h1:TIyPZe4MgqvfeYDBFedMoGGpEw/LqOeaOT+nhxU+yHo=
github.com/pmezard/go-difflib v1.0.1-0.20181226105442-5d4384ee4fb2 h1:Jamvg5psRIccs7FGNTlIRMkT8wgtp5eCXdBlqhYGL6U=
github.com/sirupsen/logrus v1.9.4 h1:TsZE7l11zFCLZnZ+teH4Umoq5BhEIfIzfRDZ1Uzql2w=
github.com/sirupsen/logrus v1.9.4/go.mod h1:ftWc9WdOfJ0a92nsE2jF5u5ZwH8Bv2zdeOC42RjbV2g=
github.com/stretchr/testify v1.11.1 h1:7s2iGBzp5EwR7/aIZr8ao5+dra3wiQyKjjFuvgVKu7U=
github.com/stretchr/testify v1.11.1/go.mod h1:wZwfW3scLgRK+23gO65QZefKpKQRnfz6sD981Nm4B6U=
golang.org/x/sys v0.45.0 h1:dO4czNzziLiiXplLQgBCEpCvXQ3dnkn0SdaZSYdQ+FY=
gopkg.in/yaml.v3 v3.0.1 h1:fxVm/GzAzEWqLHuvctI91KS9hhNmmWOoWu0XTYJS7CA=
gopkg.in/yaml.v3 v3.0.1/go.mod h1:K4uyk7z7BCEPqu6E+C64Yfv1cQ7kz7rIZviUmN+EgEM=
